
Microsoft Visual Studio Solution File, Format Version 12.00
# Visual Studio Version 17
VisualStudioVersion = 17.5.002.0
MinimumVisualStudioVersion = 10.0.40219.1
Project("{9A19103F-16F7-4668-BE54-9A1E7A4F7556}") = "01_dependency-injection", "01_dependency-injection\01_dependency-injection.csproj", "{F23BF089-35C0-41AA-8BAA-1A5BC44ACD25}"
EndProject
Project("{FAE04EC0-301F-11D3-BF4B-00C04F79EFBC}") = "02_app-configuration", "02_app-configuration\02_app-configuration.csproj", "{1DCFB266-412D-44D7-AD51-D6FF316D2F2D}"
EndProject
Global
	GlobalSection(SolutionConfigurationPlatforms) = preSolution
		Debug|Any CPU = Debug|Any CPU
		Release|Any CPU = Release|Any CPU
	EndGlobalSection
	GlobalSection(ProjectConfigurationPlatforms) = postSolution
		{F23BF089-35C0-41AA-8BAA-1A5BC44ACD25}.Debug|Any CPU.ActiveCfg = Debug|Any CPU
		{F23BF089-35C0-41AA-8BAA-1A5BC44ACD25}.Debug|Any CPU.Build.0 = Debug|Any CPU
		{F23BF089-35C0-41AA-8BAA-1A5BC44ACD25}.Release|Any CPU.ActiveCfg = Release|Any CPU
		{F23BF089-35C0-41AA-8BAA-1A5BC44ACD25}.Release|Any CPU.Build.0 = Release|Any CPU
		{1DCFB266-412D-44D7-AD51-D6FF316D2F2D}.Debug|Any CPU.ActiveCfg = Debug|Any CPU
		{1DCFB266-412D-44D7-AD51-D6FF316D2F2D}.Debug|Any CPU.Build.0 = Debug|Any CPU
		{1DCFB266-412D-44D7-AD51-D6FF316D2F2D}.Release|Any CPU.ActiveCfg = Release|Any CPU
		{1DCFB266-412D-44D7-AD51-D6FF316D2F2D}.Release|Any CPU.Build.0 = Release|Any CPU
	EndGlobalSection
	GlobalSection(SolutionProperties) = preSolution
		HideSolutionNode = FALSE
	EndGlobalSection
	GlobalSection(ExtensibilityGlobals) = postSolution
		SolutionGuid = {F28CDFC5-8500-4C1B-B96A-C416854B158A}
	EndGlobalSection
EndGlobal
